// !$*UTF8*$!
{
	archiveVersion = 1;
	classes = {
	};
	objectVersion = 46;
	objects = {

/* Begin PBXBuildFile section */
		EBA4C613168B194000F9E5D5 /* Cocoa.framework in Frameworks */ = {isa = PBXBuildFile; fileRef = EBA4C612168B194000F9E5D5 /* Cocoa.framework */; };
		EBA4C61D168B194000F9E5D5 /* InfoPlist.strings in Resources */ = {isa = PBXBuildFile; fileRef = EBA4C61B168B194000F9E5D5 /* InfoPlist.strings */; };
		EBA4C61F168B194000F9E5D5 /* main.m in Sources */ = {isa = PBXBuildFile; fileRef = EBA4C61E168B194000F9E5D5 /* main.m */; };
		EBA4C623168B194000F9E5D5 /* Credits.rtf in Resources */ = {isa = PBXBuildFile; fileRef = EBA4C621168B194000F9E5D5 /* Credits.rtf */; };
		EBA4C626168B194000F9E5D5 /* AppDelegate.m in Sources */ = {isa = PBXBuildFile; fileRef = EBA4C625168B194000F9E5D5 /* AppDelegate.m */; };
		EBA4C629168B194000F9E5D5 /* MainMenu.xib in Resources */ = {isa = PBXBuildFile; fileRef = EBA4C627168B194000F9E5D5 /* MainMenu.xib */; };
/* End PBXBuildFile section */

/* Begin PBXFileReference section */
		EBA4C60E168B194000F9E5D5 /* MonoDevelop.app */ = {isa = PBXFileReference; explicitFileType = wrapper.application; includeInIndex = 0; path = MonoDevelop.app; sourceTree = BUILT_PRODUCTS_DIR; };
		EBA4C612168B194000F9E5D5 /* Cocoa.framework */ = {isa = PBXFileReference; lastKnownFileType = wrapper.framework; name = Cocoa.framework; path = System/Library/Frameworks/Cocoa.framework; sourceTree = SDKROOT; };
		EBA4C615168B194000F9E5D5 /* AppKit.framework */ = {isa = PBXFileReference; lastKnownFileType = wrapper.framework; name = AppKit.framework; path = System/Library/Frameworks/AppKit.framework; sourceTree = SDKROOT; };
		EBA4C616168B194000F9E5D5 /* CoreData.framework */ = {isa = PBXFileReference; lastKnownFileType = wrapper.framework; name = CoreData.framework; path = System/Library/Frameworks/CoreData.framework; sourceTree = SDKROOT; };
		EBA4C617168B194000F9E5D5 /* Foundation.framework */ = {isa = PBXFileReference; lastKnownFileType = wrapper.framework; name = Foundation.framework; path = System/Library/Frameworks/Foundation.framework; sourceTree = SDKROOT; };
		EBA4C61A168B194000F9E5D5 /* MonoDevelop-Info.plist */ = {isa = PBXFileReference; lastKnownFileType = text.plist.xml; path = "MonoDevelop-Info.plist"; sourceTree = "<group>"; };
		EBA4C61C168B194000F9E5D5 /* en */ = {isa = PBXFileReference; lastKnownFileType = text.plist.strings; name = en; path = en.lproj/InfoPlist.strings; sourceTree = "<group>"; };
		EBA4C61E168B194000F9E5D5 /* main.m */ = {isa = PBXFileReference; lastKnownFileType = sourcecode.c.objc; path = main.m; sourceTree = "<group>"; };
		EBA4C620168B194000F9E5D5 /* MonoDevelop-Prefix.pch */ = {isa = PBXFileReference; lastKnownFileType = sourcecode.c.h; path = "MonoDevelop-Prefix.pch"; sourceTree = "<group>"; };
		EBA4C622168B194000F9E5D5 /* en */ = {isa = PBXFileReference; lastKnownFileType = text.rtf; name = en; path = en.lproj/Credits.rtf; sourceTree = "<group>"; };
		EBA4C624168B194000F9E5D5 /* AppDelegate.h */ = {isa = PBXFileReference; lastKnownFileType = sourcecode.c.h; path = AppDelegate.h; sourceTree = "<group>"; };
		EBA4C625168B194000F9E5D5 /* AppDelegate.m */ = {isa = PBXFileReference; lastKnownFileType = sourcecode.c.objc; path = AppDelegate.m; sourceTree = "<group>"; };
		EBA4C628168B194000F9E5D5 /* en */ = {isa = PBXFileReference; lastKnownFileType = file.xib; name = en; path = en.lproj/MainMenu.xib; sourceTree = "<group>"; };
/* End PBXFileReference section */

/* Begin PBXFrameworksBuildPhase section */
		EBA4C60B168B194000F9E5D5 /* Frameworks */ = {
			isa = PBXFrameworksBuildPhase;
			buildActionMask = 2147483647;
			files = (
				EBA4C613168B194000F9E5D5 /* Cocoa.framework in Frameworks */,
			);
			runOnlyForDeploymentPostprocessing = 0;
		};
/* End PBXFrameworksBuildPhase section */

/* Begin PBXGroup section */
		EBA4C603168B194000F9E5D5 = {
			isa = PBXGroup;
			children = (
				EBA4C618168B194000F9E5D5 /* MonoDevelop */,
				EBA4C611168B194000F9E5D5 /* Frameworks */,
				EBA4C60F168B194000F9E5D5 /* Products */,
			);
			sourceTree = "<group>";
		};
		EBA4C60F168B194000F9E5D5 /* Products */ = {
			isa = PBXGroup;
			children = (
				EBA4C60E168B194000F9E5D5 /* MonoDevelop.app */,
			);
			name = Products;
			sourceTree = "<group>";
		};
		EBA4C611168B194000F9E5D5 /* Frameworks */ = {
			isa = PBXGroup;
			children = (
				EBA4C612168B194000F9E5D5 /* Cocoa.framework */,
				EBA4C614168B194000F9E5D5 /* Other Frameworks */,
			);
			name = Frameworks;
			sourceTree = "<group>";
		};
		EBA4C614168B194000F9E5D5 /* Other Frameworks */ = {
			isa = PBXGroup;
			children = (
				EBA4C615168B194000F9E5D5 /* AppKit.framework */,
				EBA4C616168B194000F9E5D5 /* CoreData.framework */,
				EBA4C617168B194000F9E5D5 /* Foundation.framework */,
			);
			name = "Other Frameworks";
			sourceTree = "<group>";
		};
		EBA4C618168B194000F9E5D5 /* MonoDevelop */ = {
			isa = PBXGroup;
			children = (
				EBA4C624168B194000F9E5D5 /* AppDelegate.h */,
				EBA4C625168B194000F9E5D5 /* AppDelegate.m */,
				EBA4C627168B194000F9E5D5 /* MainMenu.xib */,
				EBA4C619168B194000F9E5D5 /* Supporting Files */,
			);
			path = MonoDevelop;
			sourceTree = "<group>";
		};
		EBA4C619168B194000F9E5D5 /* Supporting Files */ = {
			isa = PBXGroup;
			children = (
				EBA4C61A168B194000F9E5D5 /* MonoDevelop-Info.plist */,
				EBA4C61B168B194000F9E5D5 /* InfoPlist.strings */,
				EBA4C61E168B194000F9E5D5 /* main.m */,
				EBA4C620168B194000F9E5D5 /* MonoDevelop-Prefix.pch */,
				EBA4C621168B194000F9E5D5 /* Credits.rtf */,
			);
			name = "Supporting Files";
			sourceTree = "<group>";
		};
/* End PBXGroup section */

/* Begin PBXNativeTarget section */
		EBA4C60D168B194000F9E5D5 /* MonoDevelop */ = {
			isa = PBXNativeTarget;
			buildConfigurationList = EBA4C62C168B194000F9E5D5 /* Build configuration list for PBXNativeTarget "MonoDevelop" */;
			buildPhases = (
				EBA4C60A168B194000F9E5D5 /* Sources */,
				EBA4C60B168B194000F9E5D5 /* Frameworks */,
				EBA4C60C168B194000F9E5D5 /* Resources */,
			);
			buildRules = (
			);
			dependencies = (
			);
			name = MonoDevelop;
			productName = MonoDevelop;
			productReference = EBA4C60E168B194000F9E5D5 /* MonoDevelop.app */;
			productType = "com.apple.product-type.application";
		};
/* End PBXNativeTarget section */

/* Begin PBXProject section */
		EBA4C605168B194000F9E5D5 /* Project object */ = {
			isa = PBXProject;
			attributes = {
				LastUpgradeCheck = 0450;
				ORGANIZATIONNAME = gaolei;
			};
			buildConfigurationList = EBA4C608168B194000F9E5D5 /* Build configuration list for PBXProject "MonoDevelop" */;
			compatibilityVersion = "Xcode 3.2";
			developmentRegion = English;
			hasScannedForEncodings = 0;
			knownRegions = (
				en,
			);
			mainGroup = EBA4C603168B194000F9E5D5;
			productRefGroup = EBA4C60F168B194000F9E5D5 /* Products */;
			projectDirPath = "";
			projectRoot = "";
			targets = (
				EBA4C60D168B194000F9E5D5 /* MonoDevelop */,
			);
		};
/* End PBXProject section */

/* Begin PBXResourcesBuildPhase section */
		EBA4C60C168B194000F9E5D5 /* Resources */ = {
			isa = PBXResourcesBuildPhase;
			buildActionMask = 2147483647;
			files = (
				EBA4C61D168B194000F9E5D5 /* InfoPlist.strings in Resources */,
				EBA4C623168B194000F9E5D5 /* Credits.rtf in Resources */,
				EBA4C629168B194000F9E5D5 /* MainMenu.xib in Resources */,
			);
			runOnlyForDeploymentPostprocessing = 0;
		};
/* End PBXResourcesBuildPhase section */

/* Begin PBXSourcesBuildPhase section */
		EBA4C60A168B194000F9E5D5 /* Sources */ = {
			isa = PBXSourcesBuildPhase;
			buildActionMask = 2147483647;
			files = (
				EBA4C61F168B194000F9E5D5 /* main.m in Sources */,
				EBA4C626168B194000F9E5D5 /* AppDelegate.m in Sources */,
			);
			runOnlyForDeploymentPostprocessing = 0;
		};
/* End PBXSourcesBuildPhase section */

/* Begin PBXVariantGroup section */
		EBA4C61B168B194000F9E5D5 /* InfoPlist.strings */ = {
			isa = PBXVariantGroup;
			children = (
				EBA4C61C168B194000F9E5D5 /* en */,
			);
			name = InfoPlist.strings;
			sourceTree = "<group>";
		};
		EBA4C621168B194000F9E5D5 /* Credits.rtf */ = {
			isa = PBXVariantGroup;
			children = (
				EBA4C622168B194000F9E5D5 /* en */,
			);
			name = Credits.rtf;
			sourceTree = "<group>";
		};
		EBA4C627168B194000F9E5D5 /* MainMenu.xib */ = {
			isa = PBXVariantGroup;
			children = (
				EBA4C628168B194000F9E5D5 /* en */,
			);
			name = MainMenu.xib;
			sourceTree = "<group>";
		};
/* End PBXVariantGroup section */

/* Begin XCBuildConfiguration section */
		EBA4C62A168B194000F9E5D5 /* Debug */ = {
			isa = XCBuildConfiguration;
			buildSettings = {
				ALWAYS_SEARCH_USER_PATHS = NO;
				ARCHS = "$(ARCHS_STANDARD_64_BIT)";
				CLANG_CXX_LANGUAGE_STANDARD = "gnu++0x";
				CLANG_CXX_LIBRARY = "libc++";
				CLANG_WARN_EMPTY_BODY = YES;
				CLANG_WARN__DUPLICATE_METHOD_MATCH = YES;
				COPY_PHASE_STRIP = NO;
				GCC_C_LANGUAGE_STANDARD = gnu99;
				GCC_DYNAMIC_NO_PIC = NO;
				GCC_ENABLE_OBJC_EXCEPTIONS = YES;
				GCC_OPTIMIZATION_LEVEL = 0;
				GCC_PREPROCESSOR_DEFINITIONS = (
					"DEBUG=1",
					"$(inherited)",
				);
				GCC_SYMBOLS_PRIVATE_EXTERN = NO;
				GCC_WARN_64_TO_32_BIT_CONVERSION = YES;
				GCC_WARN_ABOUT_RETURN_TYPE = YES;
				GCC_WARN_UNINITIALIZED_AUTOS = YES;
				GCC_WARN_UNUSED_VARIABLE = YES;
				MACOSX_DEPLOYMENT_TARGET = 10.8;
				ONLY_ACTIVE_ARCH = YES;
				SDKROOT = macosx;
			};
			name = Debug;
		};
		EBA4C62B168B194000F9E5D5 /* Release */ = {
			isa = XCBuildConfiguration;
			buildSettings = {
				ALWAYS_SEARCH_USER_PATHS = NO;
				ARCHS = "$(ARCHS_STANDARD_64_BIT)";
				CLANG_CXX_LANGUAGE_STANDARD = "gnu++0x";
				CLANG_CXX_LIBRARY = "libc++";
				CLANG_WARN_EMPTY_BODY = YES;
				CLANG_WARN__DUPLICATE_METHOD_MATCH = YES;
				COPY_PHASE_STRIP = YES;
				DEBUG_INFORMATION_FORMAT = "dwarf-with-dsym";
				GCC_C_LANGUAGE_STANDARD = gnu99;
				GCC_ENABLE_OBJC_EXCEPTIONS = YES;
				GCC_WARN_64_TO_32_BIT_CONVERSION = YES;
				GCC_WARN_ABOUT_RETURN_TYPE = YES;
				GCC_WARN_UNINITIALIZED_AUTOS = YES;
				GCC_WARN_UNUSED_VARIABLE = YES;
				MACOSX_DEPLOYMENT_TARGET = 10.8;
				SDKROOT = macosx;
			};
			name = Release;
		};
		EBA4C62D168B194000F9E5D5 /* Debug */ = {
			isa = XCBuildConfiguration;
			buildSettings = {
				COMBINE_HIDPI_IMAGES = YES;
				GCC_PRECOMPILE_PREFIX_HEADER = YES;
				GCC_PREFIX_HEADER = "MonoDevelop/MonoDevelop-Prefix.pch";
				INFOPLIST_FILE = "MonoDevelop/MonoDevelop-Info.plist";
				PRODUCT_NAME = "$(TARGET_NAME)";
				WRAPPER_EXTENSION = app;
			};
			name = Debug;
		};
		EBA4C62E168B194000F9E5D5 /* Release */ = {
			isa = XCBuildConfiguration;
			buildSettings = {
				COMBINE_HIDPI_IMAGES = YES;
				GCC_PRECOMPILE_PREFIX_HEADER = YES;
				GCC_PREFIX_HEADER = "MonoDevelop/MonoDevelop-Prefix.pch";
				INFOPLIST_FILE = "MonoDevelop/MonoDevelop-Info.plist";
				PRODUCT_NAME = "$(TARGET_NAME)";
				WRAPPER_EXTENSION = app;
			};
			name = Release;
		};
/* End XCBuildConfiguration section */

/* Begin XCConfigurationList section */
		EBA4C608168B194000F9E5D5 /* Build configuration list for PBXProject "MonoDevelop" */ = {
			isa = XCConfigurationList;
			buildConfigurations = (
				EBA4C62A168B194000F9E5D5 /* Debug */,
				EBA4C62B168B194000F9E5D5 /* Release */,
			);
			defaultConfigurationIsVisible = 0;
			defaultConfigurationName = Release;
		};
		EBA4C62C168B194000F9E5D5 /* Build configuration list for PBXNativeTarget "MonoDevelop" */ = {
			isa = XCConfigurationList;
			buildConfigurations = (
				EBA4C62D168B194000F9E5D5 /* Debug */,
				EBA4C62E168B194000F9E5D5 /* Release */,
			);
			defaultConfigurationIsVisible = 0;
		};
/* End XCConfigurationList section */
	};
	rootObject = EBA4C605168B194000F9E5D5 /* Project object */;
}
